
Microsoft Visual Studio Solution File, Format Version 12.00
# Visual Studio Version 17
VisualStudioVersion = 17.8.34330.188
MinimumVisualStudioVersion = 10.0.40219.1
Project("{8BC9CEB8-8B4A-11D0-8D11-00A0C91BC942}") = "CalculatorTutorial", "CalculatorTutorial\CalculatorTutorial.vcxproj", "{EBBDAFAA-0297-42C6-ADC4-78F60CD4AD6B}"
EndProject
Global
	GlobalSection(SolutionConfigurationPlatforms) = preSolution
		Debug|x64 = Debug|x64
		Debug|x86 = Debug|x86
		Release|x64 = Release|x64
		Release|x86 = Release|x86
	EndGlobalSection
	GlobalSection(ProjectConfigurationPlatforms) = postSolution
		{EBBDAFAA-0297-42C6-ADC4-78F60CD4AD6B}.Debug|x64.ActiveCfg = Debug|x64
		{EBBDAFAA-0297-42C6-ADC4-78F60CD4AD6B}.Debug|x64.Build.0 = Debug|x64
		{EBBDAFAA-0297-42C6-ADC4-78F60CD4AD6B}.Debug|x86.ActiveCfg = Debug|Win32
		{EBBDAFAA-0297-42C6-ADC4-78F60CD4AD6B}.Debug|x86.Build.0 = Debug|Win32
		{EBBDAFAA-0297-42C6-ADC4-78F60CD4AD6B}.Release|x64.ActiveCfg = Release|x64
		{EBBDAFAA-0297-42C6-ADC4-78F60CD4AD6B}.Release|x64.Build.0 = Release|x64
		{EBBDAFAA-0297-42C6-ADC4-78F60CD4AD6B}.Release|x86.ActiveCfg = Release|Win32
		{EBBDAFAA-0297-42C6-ADC4-78F60CD4AD6B}.Release|x86.Build.0 = Release|Win32
	EndGlobalSection
	GlobalSection(SolutionProperties) = preSolution
		HideSolutionNode = FALSE
	EndGlobalSection
	GlobalSection(ExtensibilityGlobals) = postSolution
		SolutionGuid = {4F583B25-5941-4A5C-A917-131BD7B07080}
	EndGlobalSection
EndGlobal
